
Microsoft Visual Studio Solution File, Format Version 12.00
# Visual Studio Version 16
VisualStudioVersion = 16.6.30114.105
MinimumVisualStudioVersion = 10.0.40219.1
Project("{FAE04EC0-301F-11D3-BF4B-00C04F79EFBC}") = "MusicMarket.Api", "MusicMarket.Api\MusicMarket.Api.csproj", "{DFFE16B0-48A7-462A-94BF-1EAD39256CFC}"
EndProject
Project("{FAE04EC0-301F-11D3-BF4B-00C04F79EFBC}") = "MusicMarket.Core", "MusicMarket.Core\MusicMarket.Core.csproj", "{DBB11F65-11B1-41D3-BB25-411424A3E71F}"
EndProject
Project("{FAE04EC0-301F-11D3-BF4B-00C04F79EFBC}") = "MusicMarket.Data", "MusicMarket.Data\MusicMarket.Data.csproj", "{98EBE013-2274-4873-8F3E-9096AD7AFCA6}"
EndProject
Project("{FAE04EC0-301F-11D3-BF4B-00C04F79EFBC}") = "MusicMarket.Services", "MusicMarket.Services\MusicMarket.Services.csproj", "{C1F0F451-A537-420B-8DBA-6D9A69EFC732}"
EndProject
Global
	GlobalSection(SolutionConfigurationPlatforms) = preSolution
		Debug|Any CPU = Debug|Any CPU
		Debug|x64 = Debug|x64
		Debug|x86 = Debug|x86
		Release|Any CPU = Release|Any CPU
		Release|x64 = Release|x64
		Release|x86 = Release|x86
	EndGlobalSection
	GlobalSection(SolutionProperties) = preSolution
		HideSolutionNode = FALSE
	EndGlobalSection
	GlobalSection(ProjectConfigurationPlatforms) = postSolution
		{DFFE16B0-48A7-462A-94BF-1EAD39256CFC}.Debug|Any CPU.ActiveCfg = Debug|Any CPU
		{DFFE16B0-48A7-462A-94BF-1EAD39256CFC}.Debug|Any CPU.Build.0 = Debug|Any CPU
		{DFFE16B0-48A7-462A-94BF-1EAD39256CFC}.Debug|x64.ActiveCfg = Debug|Any CPU
		{DFFE16B0-48A7-462A-94BF-1EAD39256CFC}.Debug|x64.Build.0 = Debug|Any CPU
		{DFFE16B0-48A7-462A-94BF-1EAD39256CFC}.Debug|x86.ActiveCfg = Debug|Any CPU
		{DFFE16B0-48A7-462A-94BF-1EAD39256CFC}.Debug|x86.Build.0 = Debug|Any CPU
		{DFFE16B0-48A7-462A-94BF-1EAD39256CFC}.Release|Any CPU.ActiveCfg = Release|Any CPU
		{DFFE16B0-48A7-462A-94BF-1EAD39256CFC}.Release|Any CPU.Build.0 = Release|Any CPU
		{DFFE16B0-48A7-462A-94BF-1EAD39256CFC}.Release|x64.ActiveCfg = Release|Any CPU
		{DFFE16B0-48A7-462A-94BF-1EAD39256CFC}.Release|x64.Build.0 = Release|Any CPU
		{DFFE16B0-48A7-462A-94BF-1EAD39256CFC}.Release|x86.ActiveCfg = Release|Any CPU
		{DFFE16B0-48A7-462A-94BF-1EAD39256CFC}.Release|x86.Build.0 = Release|Any CPU
		{DBB11F65-11B1-41D3-BB25-411424A3E71F}.Debug|Any CPU.ActiveCfg = Debug|Any CPU
		{DBB11F65-11B1-41D3-BB25-411424A3E71F}.Debug|Any CPU.Build.0 = Debug|Any CPU
		{DBB11F65-11B1-41D3-BB25-411424A3E71F}.Debug|x64.ActiveCfg = Debug|Any CPU
		{DBB11F65-11B1-41D3-BB25-411424A3E71F}.Debug|x64.Build.0 = Debug|Any CPU
		{DBB11F65-11B1-41D3-BB25-411424A3E71F}.Debug|x86.ActiveCfg = Debug|Any CPU
		{DBB11F65-11B1-41D3-BB25-411424A3E71F}.Debug|x86.Build.0 = Debug|Any CPU
		{DBB11F65-11B1-41D3-BB25-411424A3E71F}.Release|Any CPU.ActiveCfg = Release|Any CPU
		{DBB11F65-11B1-41D3-BB25-411424A3E71F}.Release|Any CPU.Build.0 = Release|Any CPU
		{DBB11F65-11B1-41D3-BB25-411424A3E71F}.Release|x64.ActiveCfg = Release|Any CPU
		{DBB11F65-11B1-41D3-BB25-411424A3E71F}.Release|x64.Build.0 = Release|Any CPU
		{DBB11F65-11B1-41D3-BB25-411424A3E71F}.Release|x86.ActiveCfg = Release|Any CPU
		{DBB11F65-11B1-41D3-BB25-411424A3E71F}.Release|x86.Build.0 = Release|Any CPU
		{98EBE013-2274-4873-8F3E-9096AD7AFCA6}.Debug|Any CPU.ActiveCfg = Debug|Any CPU
		{98EBE013-2274-4873-8F3E-9096AD7AFCA6}.Debug|Any CPU.Build.0 = Debug|Any CPU
		{98EBE013-2274-4873-8F3E-9096AD7AFCA6}.Debug|x64.ActiveCfg = Debug|Any CPU
		{98EBE013-2274-4873-8F3E-9096AD7AFCA6}.Debug|x64.Build.0 = Debug|Any CPU
		{98EBE013-2274-4873-8F3E-9096AD7AFCA6}.Debug|x86.ActiveCfg = Debug|Any CPU
		{98EBE013-2274-4873-8F3E-9096AD7AFCA6}.Debug|x86.Build.0 = Debug|Any CPU
		{98EBE013-2274-4873-8F3E-9096AD7AFCA6}.Release|Any CPU.ActiveCfg = Release|Any CPU
		{98EBE013-2274-4873-8F3E-9096AD7AFCA6}.Release|Any CPU.Build.0 = Release|Any CPU
		{98EBE013-2274-4873-8F3E-9096AD7AFCA6}.Release|x64.ActiveCfg = Release|Any CPU
		{98EBE013-2274-4873-8F3E-9096AD7AFCA6}.Release|x64.Build.0 = Release|Any CPU
		{98EBE013-2274-4873-8F3E-9096AD7AFCA6}.Release|x86.ActiveCfg = Release|Any CPU
		{98EBE013-2274-4873-8F3E-9096AD7AFCA6}.Release|x86.Build.0 = Release|Any CPU
		{C1F0F451-A537-420B-8DBA-6D9A69EFC732}.Debug|Any CPU.ActiveCfg = Debug|Any CPU
		{C1F0F451-A537-420B-8DBA-6D9A69EFC732}.Debug|Any CPU.Build.0 = Debug|Any CPU
		{C1F0F451-A537-420B-8DBA-6D9A69EFC732}.Debug|x64.ActiveCfg = Debug|Any CPU
		{C1F0F451-A537-420B-8DBA-6D9A69EFC732}.Debug|x64.Build.0 = Debug|Any CPU
		{C1F0F451-A537-420B-8DBA-6D9A69EFC732}.Debug|x86.ActiveCfg = Debug|Any CPU
		{C1F0F451-A537-420B-8DBA-6D9A69EFC732}.Debug|x86.Build.0 = Debug|Any CPU
		{C1F0F451-A537-420B-8DBA-6D9A69EFC732}.Release|Any CPU.ActiveCfg = Release|Any CPU
		{C1F0F451-A537-420B-8DBA-6D9A69EFC732}.Release|Any CPU.Build.0 = Release|Any CPU
		{C1F0F451-A537-420B-8DBA-6D9A69EFC732}.Release|x64.ActiveCfg = Release|Any CPU
		{C1F0F451-A537-420B-8DBA-6D9A69EFC732}.Release|x64.Build.0 = Release|Any CPU
		{C1F0F451-A537-420B-8DBA-6D9A69EFC732}.Release|x86.ActiveCfg = Release|Any CPU
		{C1F0F451-A537-420B-8DBA-6D9A69EFC732}.Release|x86.Build.0 = Release|Any CPU
	EndGlobalSection
EndGlobal
